PODS:
  - VSocial (1.0.6):
    - VSocial/Core (= 1.0.6)
    - VSocial/QQSDK (= 1.0.6)
    - VSocial/WBSDK (= 1.0.6)
    - VSocial/WXSDK (= 1.0.6)
  - VSocial/Core (1.0.6)
  - VSocial/QQSDK (1.0.6):
    - VSocial/Core
  - VSocial/WBSDK (1.0.6):
    - VSocial/Core
  - VSocial/WXSDK (1.0.6):
    - VSocial/Core

DEPENDENCIES:
  - VSocial

SPEC CHECKSUMS:
  VSocial: 40b7dc79cd842df331175e90675f3523f3ecfb99

COCOAPODS: 0.39.0
